
Microsoft Visual Studio Solution File, Format Version 12.00
# Visual Studio 2015
Project("{FAE04EC0-301F-11D3-BF4B-00C04F79EFBC}") = "Submarine_Mayhem.CSharp.Plugins", "Submarine_Mayhem.CSharp.Plugins.csproj", "{6C1AB09A-7B26-268A-BF7D-9579424529EA}"
EndProject
Project("{FAE04EC0-301F-11D3-BF4B-00C04F79EFBC}") = "Submarine_Mayhem.CSharp", "Submarine_Mayhem.CSharp.csproj", "{E1285EE1-6D3F-8151-E13A-9D670E4B2020}"
EndProject
Project("{FAE04EC0-301F-11D3-BF4B-00C04F79EFBC}") = "Submarine_Mayhem.CSharp.Editor", "Submarine_Mayhem.CSharp.Editor.csproj", "{4E2EEAC8-7F51-08CF-5588-AFA36AD34B1B}"
EndProject
Global
	GlobalSection(SolutionConfigurationPlatforms) = preSolution
		Debug|Any CPU = Debug|Any CPU
		Release|Any CPU = Release|Any CPU
	EndGlobalSection
	GlobalSection(ProjectConfigurationPlatforms) = postSolution
		{6C1AB09A-7B26-268A-BF7D-9579424529EA}.Debug|Any CPU.ActiveCfg = Debug|Any CPU
		{6C1AB09A-7B26-268A-BF7D-9579424529EA}.Debug|Any CPU.Build.0 = Debug|Any CPU
		{6C1AB09A-7B26-268A-BF7D-9579424529EA}.Release|Any CPU.ActiveCfg = Release|Any CPU
		{6C1AB09A-7B26-268A-BF7D-9579424529EA}.Release|Any CPU.Build.0 = Release|Any CPU
		{E1285EE1-6D3F-8151-E13A-9D670E4B2020}.Debug|Any CPU.ActiveCfg = Debug|Any CPU
		{E1285EE1-6D3F-8151-E13A-9D670E4B2020}.Debug|Any CPU.Build.0 = Debug|Any CPU
		{E1285EE1-6D3F-8151-E13A-9D670E4B2020}.Release|Any CPU.ActiveCfg = Release|Any CPU
		{E1285EE1-6D3F-8151-E13A-9D670E4B2020}.Release|Any CPU.Build.0 = Release|Any CPU
		{4E2EEAC8-7F51-08CF-5588-AFA36AD34B1B}.Debug|Any CPU.ActiveCfg = Debug|Any CPU
		{4E2EEAC8-7F51-08CF-5588-AFA36AD34B1B}.Debug|Any CPU.Build.0 = Debug|Any CPU
		{4E2EEAC8-7F51-08CF-5588-AFA36AD34B1B}.Release|Any CPU.ActiveCfg = Release|Any CPU
		{4E2EEAC8-7F51-08CF-5588-AFA36AD34B1B}.Release|Any CPU.Build.0 = Release|Any CPU
	EndGlobalSection
	GlobalSection(SolutionProperties) = preSolution
		HideSolutionNode = FALSE
	EndGlobalSection
EndGlobal
